{
  "version": 4,
  "terraform_version": "1.6.3",
  "serial": 9,
  "lineage": "a7687d12-2eb4-168c-e34d-3e95e28b2240",
  "outputs": {},
  "resources": [
    {
      "mode": "data",
      "type": "azurerm_management_group",
      "name": "mg",
      "provider": "provider[\"registry.terraform.io/hashicorp/azurerm\"]",
      "instances": [
        {
          "schema_version": 0,
          "attributes": {
            "all_management_group_ids": [
              "/providers/Microsoft.Management/managementGroups/MG-V-PR",
              "/providers/Microsoft.Management/managementGroups/PR_Internal",
              "/providers/Microsoft.Management/managementGroups/PR_external",
              "/providers/Microsoft.Management/managementGroups/MG-V-SB",
              "/providers/Microsoft.Management/managementGroups/SB_external",
              "/providers/Microsoft.Management/managementGroups/SB_Internal",
              "/providers/Microsoft.Management/managementGroups/MG-V-NP",
              "/providers/Microsoft.Management/managementGroups/NP_external",
              "/providers/Microsoft.Management/managementGroups/NP_Internal"
            ],
            "all_subscription_ids": [
              "543cad16-cab9-41fa-b9dc-e30f40e2b673"
            ],
            "display_name": "VIITOR_ROOT",
            "id": "/providers/Microsoft.Management/managementGroups/VIITOR_ROOT",
            "management_group_ids": [
              "/providers/Microsoft.Management/managementGroups/MG-V-PR",
              "/providers/Microsoft.Management/managementGroups/MG-V-SB",
              "/providers/Microsoft.Management/managementGroups/MG-V-NP"
            ],
            "name": "VIITOR_ROOT",
            "parent_management_group_id": "/providers/Microsoft.Management/managementGroups/cdc1d3d2-2bb9-498f-8206-21ac0b3ffa65",
            "subscription_ids": [],
            "timeouts": null
          },
          "sensitive_attributes": []
        }
      ]
    },
    {
      "mode": "managed",
      "type": "azurerm_policy_definition",
      "name": "def",
      "provider": "provider[\"registry.terraform.io/hashicorp/azurerm\"]",
      "instances": [
        {
          "index_key": "az-01-secure-network-nic-restric-pip",
          "schema_version": 0,
          "attributes": {
            "description": "az-01-secure-network-nic-restric-pip ",
            "display_name": "az-01-secure-network-nic-restric-pip",
            "id": "/providers/Microsoft.Management/managementGroups/VIITOR_ROOT/providers/Microsoft.Authorization/policyDefinitions/az-01-secure-network-nic-restric-pip",
            "management_group_id": "/providers/Microsoft.Management/managementGroups/VIITOR_ROOT",
            "metadata": "{\"category\":\"Network\",\"createdBy\":\"db1a630c-da13-4d4d-b291-aa274fa842c6\",\"createdOn\":\"2024-03-23T06:14:31.3282693Z\",\"updatedBy\":null,\"updatedOn\":null,\"version\":\"2.0\"}",
            "mode": "All",
            "name": "az-01-secure-network-nic-restric-pip",
            "parameters": "{\"effect\":{\"type\":\"String\",\"allowedValues\":[\"Audit\",\"Deny\",\"Disabled\"],\"defaultValue\":\"Deny\",\"metadata\":{\"description\":\"Enable or Disable the execution of the Policy\",\"displayName\":\"Effect\"}}}",
            "policy_rule": "{\"if\":{\"allOf\":[{\"equals\":\"Microsoft.Network/networkInterfaces\",\"field\":\"type\"},{\"not\":{\"field\":\"Microsoft.Network/networkInterfaces/ipconfigurations[*].publicIpAddress.id\",\"notLike\":\"*\"}}]},\"then\":{\"effect\":\"[parameters('effect')]\"}}",
            "policy_type": "Custom",
            "role_definition_ids": [],
            "timeouts": {
              "create": null,
              "delete": null,
              "read": "10m",
              "update": null
            }
          },
          "sensitive_attributes": [],
          "private": "eyJlMmJmYjczMC1lY2FhLTExZTYtOGY4OC0zNDM2M2JjN2M0YzAiOnsiY3JlYXRlIjoxODAwMDAwMDAwMDAwLCJkZWxldGUiOjE4MDAwMDAwMDAwMDAsInJlYWQiOjYwMDAwMDAwMDAwMCwidXBkYXRlIjoxODAwMDAwMDAwMDAwfX0=",
          "dependencies": [
            "data.azurerm_management_group.mg"
          ],
          "create_before_destroy": true
        },
        {
          "index_key": "az-010-enforce-tags-rg-minimum-required-tags",
          "schema_version": 0,
          "attributes": {
            "description": "(az-010): Enforces Minimum Tagging Requirements for Resource Groups",
            "display_name": "az-010-enforce-tags-rg-minimum-required-tags",
            "id": "/providers/Microsoft.Management/managementGroups/VIITOR_ROOT/providers/Microsoft.Authorization/policyDefinitions/az-010-enforce-tags-rg-minimum-required-tags",
            "management_group_id": "/providers/Microsoft.Management/managementGroups/VIITOR_ROOT",
            "metadata": "{\"category\":\"Tags\",\"createdBy\":\"db1a630c-da13-4d4d-b291-aa274fa842c6\",\"createdOn\":\"2024-03-19T18:00:52.3286918Z\",\"updatedBy\":null,\"updatedOn\":null,\"version\":\"1.0.0\"}",
            "mode": "All",
            "name": "az-010-enforce-tags-rg-minimum-required-tags",
            "parameters": "{\"effect\":{\"type\":\"String\",\"allowedValues\":[\"Audit\",\"Deny\",\"Disabled\"],\"defaultValue\":\"Audit\",\"metadata\":{\"description\":\"Enable or disable the execution of the policy\",\"displayName\":\"Effect\"}},\"tagNames\":{\"type\":\"Array\",\"allowedValues\":[\"businessunit\",\"appid\",\"costcenter\",\"environment\",\"los\",\"businessowner\",\"app-support-queue\",\"srid\",\"criticality\",\"deployed-by\"],\"defaultValue\":[\"businessunit\",\"appid\",\"costcenter\",\"environment\",\"los\",\"businessowner\",\"app-support-queue\",\"srid\",\"criticality\",\"deployed-by\"],\"metadata\":{\"description\":\"Name of the tag, such as 'businessowner'\",\"displayName\":\"Required Tag Names\"}}}",
            "policy_rule": "{\"if\":{\"allOf\":[{\"equals\":\"Microsoft.Resources/subscriptions/resourceGroups\",\"field\":\"type\"},{\"allOf\":[{\"exists\":true,\"field\":\"tags\"},{\"count\":{\"name\":\"tagName\",\"value\":\"[parameters('tagNames')]\",\"where\":{\"not\":{\"containsKey\":\"[current('tagName')]\",\"field\":\"tags\"}}},\"greater\":0}]},{\"count\":{\"name\":\"ExcludedRG\",\"value\":[\"NetworkWatcherRG*\"],\"where\":{\"field\":\"name\",\"like\":\"[current('excludedRG')]\"}},\"equals\":0}]},\"then\":{\"effect\":\"[parameters('effect')]\"}}",
            "policy_type": "Custom",
            "role_definition_ids": [],
            "timeouts": {
              "create": null,
              "delete": null,
              "read": "10m",
              "update": null
            }
          },
          "sensitive_attributes": [],
          "private": "eyJlMmJmYjczMC1lY2FhLTExZTYtOGY4OC0zNDM2M2JjN2M0YzAiOnsiY3JlYXRlIjoxODAwMDAwMDAwMDAwLCJkZWxldGUiOjE4MDAwMDAwMDAwMDAsInJlYWQiOjYwMDAwMDAwMDAwMCwidXBkYXRlIjoxODAwMDAwMDAwMDAwfX0=",
          "dependencies": [
            "data.azurerm_management_group.mg"
          ],
          "create_before_destroy": true
        },
        {
          "index_key": "az-020-monitor-sql-server-auditing",
          "schema_version": 0,
          "attributes": {
            "description": "(az-020) Policy monitors Azure SQL auditing for SQL Server resources",
            "display_name": "az-020-monitor-sql-server-auditing",
            "id": "/providers/Microsoft.Management/managementGroups/VIITOR_ROOT/providers/Microsoft.Authorization/policyDefinitions/az-020-monitor-sql-server-auditing",
            "management_group_id": "/providers/Microsoft.Management/managementGroups/VIITOR_ROOT",
            "metadata": "{\"category\":\"SQL\",\"createdBy\":\"db1a630c-da13-4d4d-b291-aa274fa842c6\",\"createdOn\":\"2024-03-23T05:48:26.8470337Z\",\"updatedBy\":null,\"updatedOn\":null,\"version\":\"2.0.0\"}",
            "mode": "Indexed",
            "name": "az-020-monitor-sql-server-auditing",
            "parameters": "{\"effect\":{\"type\":\"String\",\"allowedValues\":[\"Audit\",\"AuditIfNotExists\",\"Disabled\"],\"defaultValue\":\"AuditIfNotExists\",\"metadata\":{\"description\":\"Enable or disable the execution of the policy\",\"displayName\":\"Effect\"}}}",
            "policy_rule": "{\"if\":{\"allOf\":[{\"equals\":\"Microsoft.Sql/servers\",\"field\":\"type\"},{\"field\":\"kind\",\"notContains\":\"analytics\"}]},\"then\":{\"details\":{\"existenceCondition\":{\"equals\":\"enabled\",\"field\":\"Microsoft.Sql/auditingSettings.state\"},\"name\":\"default\",\"type\":\"Microsoft.Sql/servers/auditingSettings\"},\"effect\":\"[parameters('effect')]\"}}",
            "policy_type": "Custom",
            "role_definition_ids": [],
            "timeouts": {
              "create": null,
              "delete": null,
              "read": "10m",
              "update": null
            }
          },
          "sensitive_attributes": [],
          "private": "eyJlMmJmYjczMC1lY2FhLTExZTYtOGY4OC0zNDM2M2JjN2M0YzAiOnsiY3JlYXRlIjoxODAwMDAwMDAwMDAwLCJkZWxldGUiOjE4MDAwMDAwMDAwMDAsInJlYWQiOjYwMDAwMDAwMDAwMCwidXBkYXRlIjoxODAwMDAwMDAwMDAwfX0=",
          "dependencies": [
            "data.azurerm_management_group.mg"
          ],
          "create_before_destroy": true
        },
        {
          "index_key": "az-042-secure-sql-servers-databases-require-tde",
          "schema_version": 0,
          "attributes": {
            "description": "(az-042) : Transparent data encryption should be enabled to protect data-at-rest and meet compliance requirements",
            "display_name": "az-042-secure-sql-servers-databases-require-tde",
            "id": "/providers/Microsoft.Management/managementGroups/VIITOR_ROOT/providers/Microsoft.Authorization/policyDefinitions/az-042-secure-sql-servers-databases-require-tde",
            "management_group_id": "/providers/Microsoft.Management/managementGroups/VIITOR_ROOT",
            "metadata": "{\"category\":\"SQL\",\"createdBy\":\"db1a630c-da13-4d4d-b291-aa274fa842c6\",\"createdOn\":\"2024-03-23T05:48:26.8342261Z\",\"updatedBy\":null,\"updatedOn\":null,\"version\":\"2.0.0\"}",
            "mode": "Indexed",
            "name": "az-042-secure-sql-servers-databases-require-tde",
            "parameters": "{\"effect\":{\"type\":\"String\",\"allowedValues\":[\"AuditIfNotExists\",\"Disabled\"],\"defaultValue\":\"AuditIfNotExists\",\"metadata\":{\"description\":\"Enable or disable the execution of the policy\",\"displayName\":\"Effect\"}}}",
            "policy_rule": "{\"if\":{\"allOf\":[{\"equals\":\"Microsoft.Sql/servers/databases\",\"field\":\"type\"},{\"field\":\"name\",\"notEquals\":\"master\"}]},\"then\":{\"details\":{\"existenceCondition\":{\"anyOf\":[{\"equals\":\"enabled\",\"field\":\"Microsoft.Sql/transparentDataEncryption.status\"},{\"equals\":\"enabled\",\"field\":\"Microsoft.Sql/servers/databases/transparentDataEncryption/state\"}]},\"name\":\"current\",\"type\":\"Microsoft.Sql/servers/databases/transparentDataEncryption\"},\"effect\":\"[parameters('effect')]\"}}",
            "policy_type": "Custom",
            "role_definition_ids": [],
            "timeouts": {
              "create": null,
              "delete": null,
              "read": "10m",
              "update": null
            }
          },
          "sensitive_attributes": [],
          "private": "eyJlMmJmYjczMC1lY2FhLTExZTYtOGY4OC0zNDM2M2JjN2M0YzAiOnsiY3JlYXRlIjoxODAwMDAwMDAwMDAwLCJkZWxldGUiOjE4MDAwMDAwMDAwMDAsInJlYWQiOjYwMDAwMDAwMDAwMCwidXBkYXRlIjoxODAwMDAwMDAwMDAwfX0=",
          "dependencies": [
            "data.azurerm_management_group.mg"
          ],
          "create_before_destroy": true
        },
        {
          "index_key": "az-081-enforce-sql-server-threatprotection",
          "schema_version": 0,
          "attributes": {
            "description": "(az-081):enforce-sql-server-threatprotection",
            "display_name": "az-081-enforce-sql-server-threatprotection",
            "id": "/providers/Microsoft.Management/managementGroups/VIITOR_ROOT/providers/Microsoft.Authorization/policyDefinitions/az-081-enforce-sql-server-threatprotection",
            "management_group_id": "/providers/Microsoft.Management/managementGroups/VIITOR_ROOT",
            "metadata": "{\"category\":\"Database\",\"createdBy\":\"db1a630c-da13-4d4d-b291-aa274fa842c6\",\"createdOn\":\"2024-03-23T05:48:26.8906498Z\",\"updatedBy\":null,\"updatedOn\":null,\"version\":\"1.0.0\"}",
            "mode": "All",
            "name": "az-081-enforce-sql-server-threatprotection",
            "parameters": "{\"effect\":{\"type\":\"String\",\"allowedValues\":[\"Audit\",\"Deny\",\"Disabled\"],\"defaultValue\":\"Audit\",\"metadata\":{\"description\":\"The effect for this policy.  Audit or Deny\",\"displayName\":\"Effect\"}}}",
            "policy_rule": "{\"if\":{\"allOf\":[{\"equals\":\"Microsoft.SQL/servers/securityAlertPolicies\",\"field\":\"type\"},{\"equals\":\"Disabled\",\"field\":\"Microsoft.Sql/servers/securityAlertPolicies/state\"}]},\"then\":{\"effect\":\"[parameters('effect')]\"}}",
            "policy_type": "Custom",
            "role_definition_ids": [],
            "timeouts": {
              "create": null,
              "delete": null,
              "read": "10m",
              "update": null
            }
          },
          "sensitive_attributes": [],
          "private": "eyJlMmJmYjczMC1lY2FhLTExZTYtOGY4OC0zNDM2M2JjN2M0YzAiOnsiY3JlYXRlIjoxODAwMDAwMDAwMDAwLCJkZWxldGUiOjE4MDAwMDAwMDAwMDAsInJlYWQiOjYwMDAwMDAwMDAwMCwidXBkYXRlIjoxODAwMDAwMDAwMDAwfX0=",
          "dependencies": [
            "data.azurerm_management_group.mg"
          ],
          "create_before_destroy": true
        }
      ]
    }
  ],
  "check_results": null
}
